{
  "nodes": {
    "agenix": {
      "inputs": {
        "nixpkgs": [
          "latest"
        ]
      },
      "locked": {
        "lastModified": 1641576265,
        "narHash": "sha256-G4W39k5hdu2kS13pi/RhyTOySAo7rmrs7yMUZRH0OZI=",
        "owner": "ryantm",
        "repo": "agenix",
        "rev": "08b9c96878b2f9974fc8bde048273265ad632357",
        "type": "github"
      },
      "original": {
        "owner": "ryantm",
        "repo": "agenix",
        "type": "github"
      }
    },
    "beautysh": {
      "inputs": {
        "flake-utils": "flake-utils",
        "nixpkgs": "nixpkgs",
        "poetry2nix": "poetry2nix"
      },
      "locked": {
        "lastModified": 1641830469,
        "narHash": "sha256-uhDmgNP/biOWe4FtOa6c2xZnREH+NP9rdrMm0LccRUk=",
        "owner": "lovesegfault",
        "repo": "beautysh",
        "rev": "e85d9736927c0fcf2abb05cb3a2d8d9b4502a2eb",
        "type": "github"
      },
      "original": {
        "owner": "lovesegfault",
        "repo": "beautysh",
        "type": "github"
      }
    },
    "blank": {
      "locked": {
        "lastModified": 1625557891,
        "narHash": "sha256-O8/MWsPBGhhyPoPLHZAuoZiiHo9q6FLlEeIDEXuj6T4=",
        "owner": "divnix",
        "repo": "blank",
        "rev": "5a5d2684073d9f563072ed07c871d577a6c614a8",
        "type": "github"
      },
      "original": {
        "owner": "divnix",
        "repo": "blank",
        "type": "github"
      }
    },
    "bud": {
      "inputs": {
        "beautysh": "beautysh",
        "devshell": [
          "digga",
          "devshell"
        ],
        "nixpkgs": [
          "nixos"
        ]
      },
      "locked": {
        "lastModified": 1642035816,
        "narHash": "sha256-1Lq5c1AeUv/1SK08+O704JVfDdD/zodHzA0cv0TIga8=",
        "owner": "divnix",
        "repo": "bud",
        "rev": "a789d710851441ba7e7cd59be378623b1fe05688",
        "type": "github"
      },
      "original": {
        "owner": "divnix",
        "repo": "bud",
        "type": "github"
      }
    },
    "deploy": {
      "inputs": {
        "flake-compat": "flake-compat",
        "nixpkgs": "nixpkgs_3",
        "utils": "utils"
      },
      "locked": {
        "lastModified": 1632822684,
        "narHash": "sha256-lt7eayYmgsD5OQwpb1XYfHpxttn43bWo7G7hIJs+zJw=",
        "owner": "serokell",
        "repo": "deploy-rs",
        "rev": "9a02de4373e0ec272d08a417b269a28ac8b961b4",
        "type": "github"
      },
      "original": {
        "owner": "serokell",
        "repo": "deploy-rs",
        "type": "github"
      }
    },
    "devshell": {
      "locked": {
        "lastModified": 1637575296,
        "narHash": "sha256-ZY8YR5u8aglZPe27+AJMnPTG6645WuavB+w0xmhTarw=",
        "owner": "numtide",
        "repo": "devshell",
        "rev": "0e56ef21ba1a717169953122c7415fa6a8cd2618",
        "type": "github"
      },
      "original": {
        "owner": "numtide",
        "repo": "devshell",
        "type": "github"
      }
    },
    "digga": {
      "inputs": {
        "blank": "blank",
        "deploy": "deploy",
        "devshell": "devshell",
        "flake-utils": "flake-utils_3",
        "flake-utils-plus": "flake-utils-plus",
        "home-manager": [
          "home"
        ],
        "latest": "latest",
        "nixlib": [
          "nixos"
        ],
        "nixos-generators": "nixos-generators",
        "nixpkgs": [
          "nixos"
        ]
      },
      "locked": {
        "lastModified": 1642848665,
        "narHash": "sha256-Ox+PEKUkDZlaXGVI076hyYfcYPK20rOCCL5N5rK5Jf4=",
        "owner": "divnix",
        "repo": "digga",
        "rev": "14b7b968f39d11d5e3b867b0bd0fb7f1296da9cb",
        "type": "github"
      },
      "original": {
        "owner": "divnix",
        "repo": "digga",
        "type": "github"
      }
    },
    "emacs": {
      "locked": {
        "lastModified": 1643308453,
        "narHash": "sha256-SeOF8D+fYFR5GXOylwdDvj8AZNTgX6tgcLWeCzMkfz4=",
        "owner": "nix-community",
        "repo": "emacs-overlay",
        "rev": "011ec0706fa17de340c96d7d393c00af41f65cab",
        "type": "github"
      },
      "original": {
        "owner": "nix-community",
        "repo": "emacs-overlay",
        "type": "github"
      }
    },
    "extra-container": {
      "inputs": {
        "flake-utils": "flake-utils_5",
        "nixpkgs": [
          "nixos"
        ]
      },
      "locked": {
        "lastModified": 1634384804,
        "narHash": "sha256-QEWKjO1SRgwupq+7eLuokRrFBIq3Dr4U578lUj4w31g=",
        "owner": "erikarvstedt",
        "repo": "extra-container",
        "rev": "639d62a24932409962857d2134fc9fc3cc5b6b61",
        "type": "github"
      },
      "original": {
        "owner": "erikarvstedt",
        "repo": "extra-container",
        "type": "github"
      }
    },
    "flake-compat": {
      "flake": false,
      "locked": {
        "lastModified": 1627913399,
        "narHash": "sha256-hY8g6H2KFL8ownSiFeMOjwPC8P0ueXpCVEbxgda3pko=",
        "owner": "edolstra",
        "repo": "flake-compat",
        "rev": "12c64ca55c1014cdc1b16ed5a804aa8576601ff2",
        "type": "github"
      },
      "original": {
        "owner": "edolstra",
        "repo": "flake-compat",
        "type": "github"
      }
    },
    "flake-utils": {
      "locked": {
        "lastModified": 1631561581,
        "narHash": "sha256-3VQMV5zvxaVLvqqUrNz3iJelLw30mIVSfZmAaauM3dA=",
        "owner": "numtide",
        "repo": "flake-utils",
        "rev": "7e5bf3925f6fbdfaf50a2a7ca0be2879c4261d19",
        "type": "github"
      },
      "original": {
        "owner": "numtide",
        "repo": "flake-utils",
        "type": "github"
      }
    },
    "flake-utils-plus": {
      "inputs": {
        "flake-utils": "flake-utils_4"
      },
      "locked": {
        "lastModified": 1638994888,
        "narHash": "sha256-iz/ynGNZlvqKCOnFrEKqGA+BVKGQMG+g2JT+e3OOLN8=",
        "owner": "divnix",
        "repo": "flake-utils-plus",
        "rev": "b4f9f517574cb7bd6ee3f19c72c19634c9f536e1",
        "type": "github"
      },
      "original": {
        "owner": "divnix",
        "repo": "flake-utils-plus",
        "type": "github"
      }
    },
    "flake-utils_2": {
      "locked": {
        "lastModified": 1642700792,
        "narHash": "sha256-XqHrk7hFb+zBvRg6Ghl+AZDq03ov6OshJLiSWOoX5es=",
        "owner": "numtide",
        "repo": "flake-utils",
        "rev": "846b2ae0fc4cc943637d3d1def4454213e203cba",
        "type": "github"
      },
      "original": {
        "owner": "numtide",
        "repo": "flake-utils",
        "type": "github"
      }
    },
    "flake-utils_3": {
      "locked": {
        "lastModified": 1638122382,
        "narHash": "sha256-sQzZzAbvKEqN9s0bzWuYmRaA03v40gaJ4+iL1LXjaeI=",
        "owner": "numtide",
        "repo": "flake-utils",
        "rev": "74f7e4319258e287b0f9cb95426c9853b282730b",
        "type": "github"
      },
      "original": {
        "owner": "numtide",
        "repo": "flake-utils",
        "type": "github"
      }
    },
    "flake-utils_4": {
      "locked": {
        "lastModified": 1642700792,
        "narHash": "sha256-XqHrk7hFb+zBvRg6Ghl+AZDq03ov6OshJLiSWOoX5es=",
        "owner": "numtide",
        "repo": "flake-utils",
        "rev": "846b2ae0fc4cc943637d3d1def4454213e203cba",
        "type": "github"
      },
      "original": {
        "owner": "numtide",
        "repo": "flake-utils",
        "type": "github"
      }
    },
    "flake-utils_5": {
      "locked": {
        "lastModified": 1631561581,
        "narHash": "sha256-3VQMV5zvxaVLvqqUrNz3iJelLw30mIVSfZmAaauM3dA=",
        "owner": "numtide",
        "repo": "flake-utils",
        "rev": "7e5bf3925f6fbdfaf50a2a7ca0be2879c4261d19",
        "type": "github"
      },
      "original": {
        "owner": "numtide",
        "repo": "flake-utils",
        "type": "github"
      }
    },
    "home": {
      "inputs": {
        "nixpkgs": [
          "nixos"
        ]
      },
      "locked": {
        "lastModified": 1638281721,
        "narHash": "sha256-d3vAVFG6zov9NwjSuYntBiD+I5KjJLwX09c7uAzbONI=",
        "owner": "nix-community",
        "repo": "home-manager",
        "rev": "7329ffc6e911106494183557fc249180d5422929",
        "type": "github"
      },
      "original": {
        "owner": "nix-community",
        "ref": "release-21.05",
        "repo": "home-manager",
        "type": "github"
      }
    },
    "latest": {
      "locked": {
        "lastModified": 1638198142,
        "narHash": "sha256-plU9b8r4St6q4U7VHtG9V7oF8k9fIpfXl/KDaZLuY9k=",
        "owner": "nixos",
        "repo": "nixpkgs",
        "rev": "8a308775674e178495767df90c419425474582a1",
        "type": "github"
      },
      "original": {
        "owner": "nixos",
        "ref": "nixos-unstable",
        "repo": "nixpkgs",
        "type": "github"
      }
    },
    "latest_2": {
      "locked": {
        "lastModified": 1643169865,
        "narHash": "sha256-+KIpNRazbc8Gac9jdWCKQkFv9bjceaLaLhlwqUEYu8c=",
        "owner": "nixos",
        "repo": "nixpkgs",
        "rev": "945ec499041db73043f745fad3b2a3a01e826081",
        "type": "github"
      },
      "original": {
        "owner": "nixos",
        "ref": "nixos-unstable",
        "repo": "nixpkgs",
        "type": "github"
      }
    },
    "mobile-nixos": {
      "flake": false,
      "locked": {
        "lastModified": 1642908484,
        "narHash": "sha256-DbLilulFRmyRmXoLAsLWDsyGniH12ZZagLCvg0nVabY=",
        "owner": "zhaofengli",
        "repo": "mobile-nixos",
        "rev": "5ade466545395813092221bc7e0a3755c6a41c89",
        "type": "github"
      },
      "original": {
        "owner": "zhaofengli",
        "ref": "pp-keyboard",
        "repo": "mobile-nixos",
        "type": "github"
      }
    },
    "naersk": {
      "inputs": {
        "nixpkgs": [
          "latest"
        ]
      },
      "locked": {
        "lastModified": 1639947939,
        "narHash": "sha256-pGsM8haJadVP80GFq4xhnSpNitYNQpaXk4cnA796Cso=",
        "owner": "nmattia",
        "repo": "naersk",
        "rev": "2fc8ce9d3c025d59fee349c1f80be9785049d653",
        "type": "github"
      },
      "original": {
        "owner": "nmattia",
        "repo": "naersk",
        "type": "github"
      }
    },
    "nixlib": {
      "locked": {
        "lastModified": 1642897950,
        "narHash": "sha256-zPPMSz+uP9kFyqAoYMOpauGDgKJe+2gaULwybLaUeC4=",
        "owner": "nix-community",
        "repo": "nixpkgs.lib",
        "rev": "ba7de11a659976b5ae86148a14ec31d738f35c5b",
        "type": "github"
      },
      "original": {
        "owner": "nix-community",
        "repo": "nixpkgs.lib",
        "type": "github"
      }
    },
    "nixos": {
      "locked": {
        "lastModified": 1643169865,
        "narHash": "sha256-+KIpNRazbc8Gac9jdWCKQkFv9bjceaLaLhlwqUEYu8c=",
        "owner": "nixos",
        "repo": "nixpkgs",
        "rev": "945ec499041db73043f745fad3b2a3a01e826081",
        "type": "github"
      },
      "original": {
        "owner": "nixos",
        "ref": "nixos-unstable",
        "repo": "nixpkgs",
        "type": "github"
      }
    },
    "nixos-generators": {
      "inputs": {
        "nixlib": "nixlib",
        "nixpkgs": "nixpkgs_4"
      },
      "locked": {
        "lastModified": 1637655461,
        "narHash": "sha256-kXZPbclN3gKwjhp2/RYFDFpAsSBwzX1iLF4EcnHZsPQ=",
        "owner": "nix-community",
        "repo": "nixos-generators",
        "rev": "05a3eb158a9c7746a5d463726d7f7cccf07500e4",
        "type": "github"
      },
      "original": {
        "owner": "nix-community",
        "repo": "nixos-generators",
        "type": "github"
      }
    },
    "nixos-hardware": {
      "locked": {
        "lastModified": 1641965797,
        "narHash": "sha256-AfxfIzAZbt9aAzpVBn0Bwhd/M4Wix7G91kEjm9H6FPo=",
        "owner": "nixos",
        "repo": "nixos-hardware",
        "rev": "87a35a0d58f546dc23f37b4f6af575d0e4be6a7a",
        "type": "github"
      },
      "original": {
        "owner": "nixos",
        "repo": "nixos-hardware",
        "type": "github"
      }
    },
    "nixpkgs": {
      "locked": {
        "lastModified": 1633971123,
        "narHash": "sha256-WmI4NbH1IPGFWVkuBkKoYgOnxgwSfWDgdZplJlQ93vA=",
        "owner": "NixOS",
        "repo": "nixpkgs",
        "rev": "e4ef597edfd8a0ba5f12362932fc9b1dd01a0aef",
        "type": "github"
      },
      "original": {
        "owner": "NixOS",
        "ref": "nixos-unstable-small",
        "repo": "nixpkgs",
        "type": "github"
      }
    },
    "nixpkgs_2": {
      "locked": {
        "lastModified": 1643332957,
        "narHash": "sha256-1Dj9EwKeAGdnyyHyttwbstvT6R2yNP8DnS6h1hwcoes=",
        "owner": "NixOS",
        "repo": "nixpkgs",
        "rev": "ab14cf224f7f076ea92dae1519750178eb0dcecd",
        "type": "github"
      },
      "original": {
        "owner": "NixOS",
        "repo": "nixpkgs",
        "type": "github"
      }
    },
    "nixpkgs_3": {
      "locked": {
        "lastModified": 1643119265,
        "narHash": "sha256-mmDEctIkHSWcC/HRpeaw6QOe+DbNOSzc0wsXAHOZWwo=",
        "owner": "NixOS",
        "repo": "nixpkgs",
        "rev": "b05d2077ebe219f6a47825767f8bab5c6211d200",
        "type": "github"
      },
      "original": {
        "owner": "NixOS",
        "ref": "nixpkgs-unstable",
        "repo": "nixpkgs",
        "type": "github"
      }
    },
    "nixpkgs_4": {
      "locked": {
        "lastModified": 1643119265,
        "narHash": "sha256-mmDEctIkHSWcC/HRpeaw6QOe+DbNOSzc0wsXAHOZWwo=",
        "owner": "NixOS",
        "repo": "nixpkgs",
        "rev": "b05d2077ebe219f6a47825767f8bab5c6211d200",
        "type": "github"
      },
      "original": {
        "owner": "NixOS",
        "ref": "nixpkgs-unstable",
        "repo": "nixpkgs",
        "type": "github"
      }
    },
    "nur": {
      "locked": {
        "lastModified": 1643332160,
        "narHash": "sha256-JhPfDidDaKgFGMR7/d4B4wvuLSbmx5orDdlZUdHFhts=",
        "owner": "nix-community",
        "repo": "nur",
        "rev": "0daf0f4951a3a6bd9af379267cefa2b60714927a",
        "type": "github"
      },
      "original": {
        "owner": "nix-community",
        "repo": "nur",
        "type": "github"
      }
    },
    "nvfetcher": {
      "inputs": {
        "flake-compat": [
          "digga",
          "deploy",
          "flake-compat"
        ],
        "flake-utils": [
          "digga",
          "flake-utils-plus",
          "flake-utils"
        ],
        "nixpkgs": [
          "latest"
        ]
      },
      "locked": {
        "lastModified": 1642903446,
        "narHash": "sha256-9G1V0NYpQZgr4chuS/L3p94M06B+sUQBAIbi3l4mCIo=",
        "owner": "berberman",
        "repo": "nvfetcher",
        "rev": "58d296aafd6e3e979b6bed56f08d286a416e7718",
        "type": "github"
      },
      "original": {
        "owner": "berberman",
        "repo": "nvfetcher",
        "type": "github"
      }
    },
    "poetry2nix": {
      "inputs": {
        "flake-utils": "flake-utils_2",
        "nixpkgs": "nixpkgs_2"
      },
      "locked": {
        "lastModified": 1633382856,
        "narHash": "sha256-hYlet806M9xJj4yxf0g5fhDT2IEUVIMAl7sqIeZ8DUM=",
        "owner": "nix-community",
        "repo": "poetry2nix",
        "rev": "705cbfa10e3d9bfed2e59e0256844ae3704dbd7e",
        "type": "github"
      },
      "original": {
        "owner": "nix-community",
        "repo": "poetry2nix",
        "type": "github"
      }
    },
    "root": {
      "inputs": {
        "agenix": "agenix",
        "blank": [
          "digga",
          "blank"
        ],
        "bud": "bud",
        "deploy": [
          "digga",
          "deploy"
        ],
        "digga": "digga",
        "emacs": "emacs",
        "extra-container": "extra-container",
        "flake-utils": [
          "digga",
          "flake-utils"
        ],
        "flake-utils-plus": [
          "digga",
          "flake-utils-plus"
        ],
        "home": "home",
        "latest": "latest_2",
        "mobile-nixos": "mobile-nixos",
        "naersk": "naersk",
        "nixlib": [
          "digga",
          "nixlib"
        ],
        "nixos": "nixos",
        "nixos-hardware": "nixos-hardware",
        "nixpkgs": [
          "nixos"
        ],
        "nur": "nur",
        "nvfetcher": "nvfetcher"
      }
    },
    "utils": {
      "locked": {
        "lastModified": 1642700792,
        "narHash": "sha256-XqHrk7hFb+zBvRg6Ghl+AZDq03ov6OshJLiSWOoX5es=",
        "owner": "numtide",
        "repo": "flake-utils",
        "rev": "846b2ae0fc4cc943637d3d1def4454213e203cba",
        "type": "github"
      },
      "original": {
        "owner": "numtide",
        "repo": "flake-utils",
        "type": "github"
      }
    }
  },
  "root": "root",
  "version": 7
}
